
Microsoft Visual Studio Solution File, Format Version 12.00
# Visual Studio Version 17
VisualStudioVersion = 17.0.32112.339
MinimumVisualStudioVersion = 10.0.40219.1
Project("{9A19103F-16F7-4668-BE54-9A1E7A4F7556}") = "CalculateArea", "CalculateArea\CalculateArea.csproj", "{D0D0F168-8D71-4F06-82CD-23E8C943F403}"
EndProject
Project("{FAE04EC0-301F-11D3-BF4B-00C04F79EFBC}") = "Figures", "Figures\Figures.csproj", "{480599CD-EBC0-4817-B84D-FAC43A2404F5}"
EndProject
Project("{9A19103F-16F7-4668-BE54-9A1E7A4F7556}") = "FiguresTests", "FiguresTests\FiguresTests.csproj", "{55E84D6D-020B-4938-B509-57E10887F6F8}"
EndProject
Global
	GlobalSection(SolutionConfigurationPlatforms) = preSolution
		Debug|Any CPU = Debug|Any CPU
		Release|Any CPU = Release|Any CPU
	EndGlobalSection
	GlobalSection(ProjectConfigurationPlatforms) = postSolution
		{D0D0F168-8D71-4F06-82CD-23E8C943F403}.Debug|Any CPU.ActiveCfg = Debug|Any CPU
		{D0D0F168-8D71-4F06-82CD-23E8C943F403}.Debug|Any CPU.Build.0 = Debug|Any CPU
		{D0D0F168-8D71-4F06-82CD-23E8C943F403}.Release|Any CPU.ActiveCfg = Release|Any CPU
		{D0D0F168-8D71-4F06-82CD-23E8C943F403}.Release|Any CPU.Build.0 = Release|Any CPU
		{480599CD-EBC0-4817-B84D-FAC43A2404F5}.Debug|Any CPU.ActiveCfg = Debug|Any CPU
		{480599CD-EBC0-4817-B84D-FAC43A2404F5}.Debug|Any CPU.Build.0 = Debug|Any CPU
		{480599CD-EBC0-4817-B84D-FAC43A2404F5}.Release|Any CPU.ActiveCfg = Release|Any CPU
		{480599CD-EBC0-4817-B84D-FAC43A2404F5}.Release|Any CPU.Build.0 = Release|Any CPU
		{55E84D6D-020B-4938-B509-57E10887F6F8}.Debug|Any CPU.ActiveCfg = Debug|Any CPU
		{55E84D6D-020B-4938-B509-57E10887F6F8}.Debug|Any CPU.Build.0 = Debug|Any CPU
		{55E84D6D-020B-4938-B509-57E10887F6F8}.Release|Any CPU.ActiveCfg = Release|Any CPU
		{55E84D6D-020B-4938-B509-57E10887F6F8}.Release|Any CPU.Build.0 = Release|Any CPU
	EndGlobalSection
	GlobalSection(SolutionProperties) = preSolution
		HideSolutionNode = FALSE
	EndGlobalSection
	GlobalSection(ExtensibilityGlobals) = postSolution
		SolutionGuid = {80BDD090-E1CC-4F9D-B5BF-B43A1B7706E3}
	EndGlobalSection
EndGlobal
